
Microsoft Visual Studio Solution File, Format Version 12.00
# Visual Studio Version 17
VisualStudioVersion = 17.8.34525.116
MinimumVisualStudioVersion = 10.0.40219.1
Project("{9A19103F-16F7-4668-BE54-9A1E7A4F7556}") = "ContactList.API", "ContactList.API.csproj", "{FCF231E2-A7B1-4744-99C1-DEF207553C44}"
EndProject
Global
	GlobalSection(SolutionConfigurationPlatforms) = preSolution
		Debug|Any CPU = Debug|Any CPU
		Release|Any CPU = Release|Any CPU
	EndGlobalSection
	GlobalSection(ProjectConfigurationPlatforms) = postSolution
		{FCF231E2-A7B1-4744-99C1-DEF207553C44}.Debug|Any CPU.ActiveCfg = Debug|Any CPU
		{FCF231E2-A7B1-4744-99C1-DEF207553C44}.Debug|Any CPU.Build.0 = Debug|Any CPU
		{FCF231E2-A7B1-4744-99C1-DEF207553C44}.Release|Any CPU.ActiveCfg = Release|Any CPU
		{FCF231E2-A7B1-4744-99C1-DEF207553C44}.Release|Any CPU.Build.0 = Release|Any CPU
	EndGlobalSection
	GlobalSection(SolutionProperties) = preSolution
		HideSolutionNode = FALSE
	EndGlobalSection
	GlobalSection(ExtensibilityGlobals) = postSolution
		SolutionGuid = {D7E8C327-1C5B-4E5D-A892-C83AD7726199}
	EndGlobalSection
EndGlobal
